
Microsoft Visual Studio Solution File, Format Version 12.00
# Visual Studio Version 17
VisualStudioVersion = 17.5.002.0
MinimumVisualStudioVersion = 10.0.40219.1
Project("{2150E333-8FDC-42A3-9474-1A3956D46DE8}") = "src", "src", "{F49EF584-DB41-46C1-B2C0-843E1E3148FD}"
EndProject
Project("{9A19103F-16F7-4668-BE54-9A1E7A4F7556}") = "QuickStart.Core", "src\QuickStart.Core\QuickStart.Core.csproj", "{42B5257D-4BD6-4AFB-82A1-B78FAFBA4E80}"
EndProject
Project("{2150E333-8FDC-42A3-9474-1A3956D46DE8}") = "node_modules", "node_modules", "{F034FD66-F0A7-4384-A243-F2C6061D4C0E}"
EndProject
Project("{2150E333-8FDC-42A3-9474-1A3956D46DE8}") = "edge-js", "edge-js", "{9BEF0475-572B-4E0B-8B5A-341B73CF6057}"
EndProject
Project("{9A19103F-16F7-4668-BE54-9A1E7A4F7556}") = "test", "node_modules\edge-js\test\test.csproj", "{E9AFC0C9-2B38-4B75-988C-A503BB8F1081}"
EndProject
Project("{2150E333-8FDC-42A3-9474-1A3956D46DE8}") = "edge-cs", "edge-cs", "{A2F621A2-3E17-4A20-94F6-7AC0064906D9}"
EndProject
Project("{2150E333-8FDC-42A3-9474-1A3956D46DE8}") = "src", "src", "{6401B9A0-BE99-4417-9693-9B532C9B3A61}"
EndProject
Project("{9A19103F-16F7-4668-BE54-9A1E7A4F7556}") = "edge-cs", "node_modules\edge-cs\src\edge-cs\edge-cs.csproj", "{69BEFB6A-070A-4146-AA78-7C42DFC8AC9F}"
EndProject
Project("{2150E333-8FDC-42A3-9474-1A3956D46DE8}") = "lib", "lib", "{676E677F-6361-4872-B829-F1B98E4A1169}"
EndProject
Project("{9A19103F-16F7-4668-BE54-9A1E7A4F7556}") = "bootstrap", "node_modules\edge-js\lib\bootstrap\bootstrap.csproj", "{71137933-8C3A-4E07-8D85-BA8FCA18CBEE}"
EndProject
Project("{2150E333-8FDC-42A3-9474-1A3956D46DE8}") = "performance", "performance", "{13B0B4EA-53EF-4877-A714-F35587FA1279}"
EndProject
Project("{9A19103F-16F7-4668-BE54-9A1E7A4F7556}") = "BookService", "node_modules\edge-js\performance\BookService\BookService.csproj", "{BA49C968-A13E-4B07-88D5-0527A716D1CD}"
EndProject
Project("{2150E333-8FDC-42A3-9474-1A3956D46DE8}") = "src", "src", "{7757D75D-90D1-4C50-8E52-0C97DC9A38E8}"
EndProject
Project("{2150E333-8FDC-42A3-9474-1A3956D46DE8}") = "double", "double", "{313DC495-B50C-428B-A319-37274FE2E5B3}"
EndProject
Project("{9A19103F-16F7-4668-BE54-9A1E7A4F7556}") = "Edge.js", "node_modules\edge-js\src\double\Edge.js\Edge.js.csproj", "{548535C0-856E-415F-BC24-FA57854E3EB7}"
EndProject
Project("{9A19103F-16F7-4668-BE54-9A1E7A4F7556}") = "Edge.js.CSharp", "node_modules\edge-js\src\double\Edge.js.CSharp\Edge.js.CSharp.csproj", "{2618AFED-CAD4-452D-BAA9-860F32C01A7E}"
EndProject
Project("{2150E333-8FDC-42A3-9474-1A3956D46DE8}") = "test (1)", "test", "{A5B7A661-E55A-4A34-A09B-2C148A542209}"
EndProject
Project("{2150E333-8FDC-42A3-9474-1A3956D46DE8}") = "double", "double", "{78912B16-68CF-49E4-AB71-CFE8EBD07A8F}"
EndProject
Project("{9A19103F-16F7-4668-BE54-9A1E7A4F7556}") = "double_stress", "node_modules\edge-js\test\double\double_stress\double_stress.csproj", "{D552F7B6-9A6C-4D1A-AB3C-449CFB536740}"
EndProject
Project("{9A19103F-16F7-4668-BE54-9A1E7A4F7556}") = "double_test", "node_modules\edge-js\test\double\double_test\double_test.csproj", "{DB26864B-FBE7-4FC0-B880-EE8DE4CC61A7}"
EndProject
Global
	GlobalSection(SolutionConfigurationPlatforms) = preSolution
		Debug|Any CPU = Debug|Any CPU
		Release|Any CPU = Release|Any CPU
	EndGlobalSection
	GlobalSection(ProjectConfigurationPlatforms) = postSolution
		{42B5257D-4BD6-4AFB-82A1-B78FAFBA4E80}.Debug|Any CPU.ActiveCfg = Debug|Any CPU
		{42B5257D-4BD6-4AFB-82A1-B78FAFBA4E80}.Debug|Any CPU.Build.0 = Debug|Any CPU
		{42B5257D-4BD6-4AFB-82A1-B78FAFBA4E80}.Release|Any CPU.ActiveCfg = Release|Any CPU
		{42B5257D-4BD6-4AFB-82A1-B78FAFBA4E80}.Release|Any CPU.Build.0 = Release|Any CPU
		{E9AFC0C9-2B38-4B75-988C-A503BB8F1081}.Debug|Any CPU.ActiveCfg = Debug|Any CPU
		{E9AFC0C9-2B38-4B75-988C-A503BB8F1081}.Debug|Any CPU.Build.0 = Debug|Any CPU
		{E9AFC0C9-2B38-4B75-988C-A503BB8F1081}.Release|Any CPU.ActiveCfg = Release|Any CPU
		{E9AFC0C9-2B38-4B75-988C-A503BB8F1081}.Release|Any CPU.Build.0 = Release|Any CPU
		{69BEFB6A-070A-4146-AA78-7C42DFC8AC9F}.Debug|Any CPU.ActiveCfg = Debug|Any CPU
		{69BEFB6A-070A-4146-AA78-7C42DFC8AC9F}.Debug|Any CPU.Build.0 = Debug|Any CPU
		{69BEFB6A-070A-4146-AA78-7C42DFC8AC9F}.Release|Any CPU.ActiveCfg = Release|Any CPU
		{69BEFB6A-070A-4146-AA78-7C42DFC8AC9F}.Release|Any CPU.Build.0 = Release|Any CPU
		{71137933-8C3A-4E07-8D85-BA8FCA18CBEE}.Debug|Any CPU.ActiveCfg = Debug|Any CPU
		{71137933-8C3A-4E07-8D85-BA8FCA18CBEE}.Debug|Any CPU.Build.0 = Debug|Any CPU
		{71137933-8C3A-4E07-8D85-BA8FCA18CBEE}.Release|Any CPU.ActiveCfg = Release|Any CPU
		{71137933-8C3A-4E07-8D85-BA8FCA18CBEE}.Release|Any CPU.Build.0 = Release|Any CPU
		{BA49C968-A13E-4B07-88D5-0527A716D1CD}.Debug|Any CPU.ActiveCfg = Debug|Any CPU
		{BA49C968-A13E-4B07-88D5-0527A716D1CD}.Debug|Any CPU.Build.0 = Debug|Any CPU
		{BA49C968-A13E-4B07-88D5-0527A716D1CD}.Release|Any CPU.ActiveCfg = Release|Any CPU
		{BA49C968-A13E-4B07-88D5-0527A716D1CD}.Release|Any CPU.Build.0 = Release|Any CPU
		{548535C0-856E-415F-BC24-FA57854E3EB7}.Debug|Any CPU.ActiveCfg = Debug|Any CPU
		{548535C0-856E-415F-BC24-FA57854E3EB7}.Debug|Any CPU.Build.0 = Debug|Any CPU
		{548535C0-856E-415F-BC24-FA57854E3EB7}.Release|Any CPU.ActiveCfg = Release|Any CPU
		{548535C0-856E-415F-BC24-FA57854E3EB7}.Release|Any CPU.Build.0 = Release|Any CPU
		{2618AFED-CAD4-452D-BAA9-860F32C01A7E}.Debug|Any CPU.ActiveCfg = Debug|Any CPU
		{2618AFED-CAD4-452D-BAA9-860F32C01A7E}.Debug|Any CPU.Build.0 = Debug|Any CPU
		{2618AFED-CAD4-452D-BAA9-860F32C01A7E}.Release|Any CPU.ActiveCfg = Release|Any CPU
		{2618AFED-CAD4-452D-BAA9-860F32C01A7E}.Release|Any CPU.Build.0 = Release|Any CPU
		{D552F7B6-9A6C-4D1A-AB3C-449CFB536740}.Debug|Any CPU.ActiveCfg = Debug|Any CPU
		{D552F7B6-9A6C-4D1A-AB3C-449CFB536740}.Debug|Any CPU.Build.0 = Debug|Any CPU
		{D552F7B6-9A6C-4D1A-AB3C-449CFB536740}.Release|Any CPU.ActiveCfg = Release|Any CPU
		{D552F7B6-9A6C-4D1A-AB3C-449CFB536740}.Release|Any CPU.Build.0 = Release|Any CPU
		{DB26864B-FBE7-4FC0-B880-EE8DE4CC61A7}.Debug|Any CPU.ActiveCfg = Debug|Any CPU
		{DB26864B-FBE7-4FC0-B880-EE8DE4CC61A7}.Debug|Any CPU.Build.0 = Debug|Any CPU
		{DB26864B-FBE7-4FC0-B880-EE8DE4CC61A7}.Release|Any CPU.ActiveCfg = Release|Any CPU
		{DB26864B-FBE7-4FC0-B880-EE8DE4CC61A7}.Release|Any CPU.Build.0 = Release|Any CPU
	EndGlobalSection
	GlobalSection(SolutionProperties) = preSolution
		HideSolutionNode = FALSE
	EndGlobalSection
	GlobalSection(NestedProjects) = preSolution
		{42B5257D-4BD6-4AFB-82A1-B78FAFBA4E80} = {F49EF584-DB41-46C1-B2C0-843E1E3148FD}
		{9BEF0475-572B-4E0B-8B5A-341B73CF6057} = {F034FD66-F0A7-4384-A243-F2C6061D4C0E}
		{E9AFC0C9-2B38-4B75-988C-A503BB8F1081} = {9BEF0475-572B-4E0B-8B5A-341B73CF6057}
		{A2F621A2-3E17-4A20-94F6-7AC0064906D9} = {F034FD66-F0A7-4384-A243-F2C6061D4C0E}
		{6401B9A0-BE99-4417-9693-9B532C9B3A61} = {A2F621A2-3E17-4A20-94F6-7AC0064906D9}
		{69BEFB6A-070A-4146-AA78-7C42DFC8AC9F} = {6401B9A0-BE99-4417-9693-9B532C9B3A61}
		{676E677F-6361-4872-B829-F1B98E4A1169} = {9BEF0475-572B-4E0B-8B5A-341B73CF6057}
		{71137933-8C3A-4E07-8D85-BA8FCA18CBEE} = {676E677F-6361-4872-B829-F1B98E4A1169}
		{13B0B4EA-53EF-4877-A714-F35587FA1279} = {9BEF0475-572B-4E0B-8B5A-341B73CF6057}
		{BA49C968-A13E-4B07-88D5-0527A716D1CD} = {13B0B4EA-53EF-4877-A714-F35587FA1279}
		{7757D75D-90D1-4C50-8E52-0C97DC9A38E8} = {9BEF0475-572B-4E0B-8B5A-341B73CF6057}
		{313DC495-B50C-428B-A319-37274FE2E5B3} = {7757D75D-90D1-4C50-8E52-0C97DC9A38E8}
		{548535C0-856E-415F-BC24-FA57854E3EB7} = {313DC495-B50C-428B-A319-37274FE2E5B3}
		{2618AFED-CAD4-452D-BAA9-860F32C01A7E} = {313DC495-B50C-428B-A319-37274FE2E5B3}
		{A5B7A661-E55A-4A34-A09B-2C148A542209} = {9BEF0475-572B-4E0B-8B5A-341B73CF6057}
		{78912B16-68CF-49E4-AB71-CFE8EBD07A8F} = {A5B7A661-E55A-4A34-A09B-2C148A542209}
		{D552F7B6-9A6C-4D1A-AB3C-449CFB536740} = {78912B16-68CF-49E4-AB71-CFE8EBD07A8F}
		{DB26864B-FBE7-4FC0-B880-EE8DE4CC61A7} = {78912B16-68CF-49E4-AB71-CFE8EBD07A8F}
	EndGlobalSection
	GlobalSection(ExtensibilityGlobals) = postSolution
		SolutionGuid = {E5E49FD6-5C48-4B07-BEC4-784EA87ADA28}
	EndGlobalSection
EndGlobal
